
Microsoft Visual Studio Solution File, Format Version 12.00
# Visual Studio Version 17
VisualStudioVersion = 17.13.35825.156 d17.13
MinimumVisualStudioVersion = 10.0.40219.1
Project("{FAE04EC0-301F-11D3-BF4B-00C04F79EFBC}") = "MedicationManagementAPI", "MedicationManagementAPI\MedicationManagementAPI.csproj", "{37E2733F-C0ED-45DF-A2F1-E895C20DD598}"
EndProject
Global
	GlobalSection(SolutionConfigurationPlatforms) = preSolution
		Debug|Any CPU = Debug|Any CPU
		Release|Any CPU = Release|Any CPU
	EndGlobalSection
	GlobalSection(ProjectConfigurationPlatforms) = postSolution
		{37E2733F-C0ED-45DF-A2F1-E895C20DD598}.Debug|Any CPU.ActiveCfg = Debug|Any CPU
		{37E2733F-C0ED-45DF-A2F1-E895C20DD598}.Debug|Any CPU.Build.0 = Debug|Any CPU
		{37E2733F-C0ED-45DF-A2F1-E895C20DD598}.Release|Any CPU.ActiveCfg = Release|Any CPU
		{37E2733F-C0ED-45DF-A2F1-E895C20DD598}.Release|Any CPU.Build.0 = Release|Any CPU
	EndGlobalSection
	GlobalSection(SolutionProperties) = preSolution
		HideSolutionNode = FALSE
	EndGlobalSection
	GlobalSection(ExtensibilityGlobals) = postSolution
		SolutionGuid = {FA18F620-DAC0-4C76-95BD-1FB4E0A363AC}
	EndGlobalSection
EndGlobal
